
Microsoft Visual Studio Solution File, Format Version 12.00
# Visual Studio 2013
VisualStudioVersion = 12.0.21005.1
MinimumVisualStudioVersion = 10.0.40219.1
Project("{FAE04EC0-301F-11D3-BF4B-00C04F79EFBC}") = "System.ChesFrame.Web", "System.ChesFrame.Web\System.ChesFrame.Web.csproj", "{988EEEF5-E4BC-4C10-BFD2-4D9DFB58D7B7}"
EndProject
Project("{FAE04EC0-301F-11D3-BF4B-00C04F79EFBC}") = "System.ChesFrame.Web.Tests", "System.ChesFrame.Web.Tests\System.ChesFrame.Web.Tests.csproj", "{2ACFAD69-F2AC-4AA5-92DD-EE82F291BD2A}"
EndProject
Project("{2150E333-8FDC-42A3-9474-1A3956D46DE8}") = "05_Test", "05_Test", "{E38A8F18-CD0D-428E-BEC6-5A831C7916FE}"
EndProject
Project("{FAE04EC0-301F-11D3-BF4B-00C04F79EFBC}") = "System.ChesFrame.BizProcessor", "System.ChesFrame.BizProcessor\System.ChesFrame.BizProcessor.csproj", "{969A8A68-DB9B-4DCF-8126-A6EC76312C16}"
EndProject
Project("{FAE04EC0-301F-11D3-BF4B-00C04F79EFBC}") = "System.ChesFrame.IDataAccess", "System.ChesFrame.IDataAccess\System.ChesFrame.IDataAccess.csproj", "{110D818C-B344-4CE2-B8F0-76D4D4F20F60}"
EndProject
Project("{FAE04EC0-301F-11D3-BF4B-00C04F79EFBC}") = "System.ChesFrame.DataAccess", "System.ChesFrame.DataAccess\System.ChesFrame.DataAccess.csproj", "{4F697478-92A2-4F8F-8213-E904BE1417DA}"
EndProject
Project("{2150E333-8FDC-42A3-9474-1A3956D46DE8}") = "01_DataAccess", "01_DataAccess", "{66A60621-A720-470F-8306-08EF50DD2BE3}"
EndProject
Project("{2150E333-8FDC-42A3-9474-1A3956D46DE8}") = "02_BizProcess", "02_BizProcess", "{3272ACA0-1D9A-4C91-8AAB-576D94D2489F}"
EndProject
Project("{2150E333-8FDC-42A3-9474-1A3956D46DE8}") = "03_Service", "03_Service", "{11905E3F-B9A9-4697-945E-53AC6EF8D648}"
EndProject
Project("{FAE04EC0-301F-11D3-BF4B-00C04F79EFBC}") = "System.ChesFrame.IService", "System.ChesFrame.IService\System.ChesFrame.IService.csproj", "{D35F4073-78DC-4507-A12B-F41035270254}"
EndProject
Project("{FAE04EC0-301F-11D3-BF4B-00C04F79EFBC}") = "System.ChesFrame.Service", "System.ChesFrame.Service\System.ChesFrame.Service.csproj", "{1747651B-1237-4E91-8C66-70586BAB7B79}"
EndProject
Project("{2150E333-8FDC-42A3-9474-1A3956D46DE8}") = "04_Portal", "04_Portal", "{2E3397E0-9C49-4F3F-9B5B-DB1280593201}"
EndProject
Project("{2150E333-8FDC-42A3-9474-1A3956D46DE8}") = "06_Manager", "06_Manager", "{36B3F4F7-D2D2-4E64-BD49-A649D3DCA1C8}"
EndProject
Project("{FAE04EC0-301F-11D3-BF4B-00C04F79EFBC}") = "System.ChesFrame.DocManager", "System.ChesFrame.DocManager\System.ChesFrame.DocManager.csproj", "{F96DD747-9C4F-4B0E-8D88-D96E2FE126B9}"
EndProject
Project("{FAE04EC0-301F-11D3-BF4B-00C04F79EFBC}") = "System.ChesFrame.Service.Host", "System.ChesFrame.Service.Host\System.ChesFrame.Service.Host.csproj", "{EEF04D66-F003-4B3A-A6F7-38A53DA7BE65}"
EndProject
Project("{2150E333-8FDC-42A3-9474-1A3956D46DE8}") = "00_Common", "00_Common", "{A8AEF07E-DA6E-44BB-9A89-9792630F47E7}"
EndProject
Project("{FAE04EC0-301F-11D3-BF4B-00C04F79EFBC}") = "System.ChesFrame.Utility", "System.ChesFrame.Utility\System.ChesFrame.Utility.csproj", "{F7645978-BA00-4032-B855-B054B507EC98}"
EndProject
Project("{FAE04EC0-301F-11D3-BF4B-00C04F79EFBC}") = "System.ChesFrame.Entity", "System.ChesFrame.Entity\System.ChesFrame.Entity.csproj", "{FCDAD58B-9185-4033-B563-3B95C8F7E89F}"
EndProject
Project("{FAE04EC0-301F-11D3-BF4B-00C04F79EFBC}") = "System.ChesFrame.Web.Model", "System.ChesFrame.Web.Model\System.ChesFrame.Web.Model.csproj", "{EAE3A260-AAF8-4BB8-98F5-2C0137BA4835}"
EndProject
Project("{FAE04EC0-301F-11D3-BF4B-00C04F79EFBC}") = "System.ChesFrame.Web.Facade", "System.ChesFrame.Web.Facade\System.ChesFrame.Web.Facade.csproj", "{259B8D11-54E5-45BB-9602-5591DBB972B9}"
EndProject
Global
	GlobalSection(SolutionConfigurationPlatforms) = preSolution
		Debug|Any CPU = Debug|Any CPU
		Release|Any CPU = Release|Any CPU
	EndGlobalSection
	GlobalSection(ProjectConfigurationPlatforms) = postSolution
		{988EEEF5-E4BC-4C10-BFD2-4D9DFB58D7B7}.Debug|Any CPU.ActiveCfg = Debug|Any CPU
		{988EEEF5-E4BC-4C10-BFD2-4D9DFB58D7B7}.Debug|Any CPU.Build.0 = Debug|Any CPU
		{988EEEF5-E4BC-4C10-BFD2-4D9DFB58D7B7}.Release|Any CPU.ActiveCfg = Release|Any CPU
		{988EEEF5-E4BC-4C10-BFD2-4D9DFB58D7B7}.Release|Any CPU.Build.0 = Release|Any CPU
		{2ACFAD69-F2AC-4AA5-92DD-EE82F291BD2A}.Debug|Any CPU.ActiveCfg = Debug|Any CPU
		{2ACFAD69-F2AC-4AA5-92DD-EE82F291BD2A}.Debug|Any CPU.Build.0 = Debug|Any CPU
		{2ACFAD69-F2AC-4AA5-92DD-EE82F291BD2A}.Release|Any CPU.ActiveCfg = Release|Any CPU
		{2ACFAD69-F2AC-4AA5-92DD-EE82F291BD2A}.Release|Any CPU.Build.0 = Release|Any CPU
		{969A8A68-DB9B-4DCF-8126-A6EC76312C16}.Debug|Any CPU.ActiveCfg = Debug|Any CPU
		{969A8A68-DB9B-4DCF-8126-A6EC76312C16}.Debug|Any CPU.Build.0 = Debug|Any CPU
		{969A8A68-DB9B-4DCF-8126-A6EC76312C16}.Release|Any CPU.ActiveCfg = Release|Any CPU
		{969A8A68-DB9B-4DCF-8126-A6EC76312C16}.Release|Any CPU.Build.0 = Release|Any CPU
		{110D818C-B344-4CE2-B8F0-76D4D4F20F60}.Debug|Any CPU.ActiveCfg = Debug|Any CPU
		{110D818C-B344-4CE2-B8F0-76D4D4F20F60}.Debug|Any CPU.Build.0 = Debug|Any CPU
		{110D818C-B344-4CE2-B8F0-76D4D4F20F60}.Release|Any CPU.ActiveCfg = Release|Any CPU
		{110D818C-B344-4CE2-B8F0-76D4D4F20F60}.Release|Any CPU.Build.0 = Release|Any CPU
		{4F697478-92A2-4F8F-8213-E904BE1417DA}.Debug|Any CPU.ActiveCfg = Debug|Any CPU
		{4F697478-92A2-4F8F-8213-E904BE1417DA}.Debug|Any CPU.Build.0 = Debug|Any CPU
		{4F697478-92A2-4F8F-8213-E904BE1417DA}.Release|Any CPU.ActiveCfg = Release|Any CPU
		{4F697478-92A2-4F8F-8213-E904BE1417DA}.Release|Any CPU.Build.0 = Release|Any CPU
		{D35F4073-78DC-4507-A12B-F41035270254}.Debug|Any CPU.ActiveCfg = Debug|Any CPU
		{D35F4073-78DC-4507-A12B-F41035270254}.Debug|Any CPU.Build.0 = Debug|Any CPU
		{D35F4073-78DC-4507-A12B-F41035270254}.Release|Any CPU.ActiveCfg = Release|Any CPU
		{D35F4073-78DC-4507-A12B-F41035270254}.Release|Any CPU.Build.0 = Release|Any CPU
		{1747651B-1237-4E91-8C66-70586BAB7B79}.Debug|Any CPU.ActiveCfg = Debug|Any CPU
		{1747651B-1237-4E91-8C66-70586BAB7B79}.Debug|Any CPU.Build.0 = Debug|Any CPU
		{1747651B-1237-4E91-8C66-70586BAB7B79}.Release|Any CPU.ActiveCfg = Release|Any CPU
		{1747651B-1237-4E91-8C66-70586BAB7B79}.Release|Any CPU.Build.0 = Release|Any CPU
		{F96DD747-9C4F-4B0E-8D88-D96E2FE126B9}.Debug|Any CPU.ActiveCfg = Debug|Any CPU
		{F96DD747-9C4F-4B0E-8D88-D96E2FE126B9}.Debug|Any CPU.Build.0 = Debug|Any CPU
		{F96DD747-9C4F-4B0E-8D88-D96E2FE126B9}.Release|Any CPU.ActiveCfg = Release|Any CPU
		{F96DD747-9C4F-4B0E-8D88-D96E2FE126B9}.Release|Any CPU.Build.0 = Release|Any CPU
		{EEF04D66-F003-4B3A-A6F7-38A53DA7BE65}.Debug|Any CPU.ActiveCfg = Debug|Any CPU
		{EEF04D66-F003-4B3A-A6F7-38A53DA7BE65}.Debug|Any CPU.Build.0 = Debug|Any CPU
		{EEF04D66-F003-4B3A-A6F7-38A53DA7BE65}.Release|Any CPU.ActiveCfg = Release|Any CPU
		{EEF04D66-F003-4B3A-A6F7-38A53DA7BE65}.Release|Any CPU.Build.0 = Release|Any CPU
		{F7645978-BA00-4032-B855-B054B507EC98}.Debug|Any CPU.ActiveCfg = Debug|Any CPU
		{F7645978-BA00-4032-B855-B054B507EC98}.Debug|Any CPU.Build.0 = Debug|Any CPU
		{F7645978-BA00-4032-B855-B054B507EC98}.Release|Any CPU.ActiveCfg = Release|Any CPU
		{F7645978-BA00-4032-B855-B054B507EC98}.Release|Any CPU.Build.0 = Release|Any CPU
		{FCDAD58B-9185-4033-B563-3B95C8F7E89F}.Debug|Any CPU.ActiveCfg = Debug|Any CPU
		{FCDAD58B-9185-4033-B563-3B95C8F7E89F}.Debug|Any CPU.Build.0 = Debug|Any CPU
		{FCDAD58B-9185-4033-B563-3B95C8F7E89F}.Release|Any CPU.ActiveCfg = Release|Any CPU
		{FCDAD58B-9185-4033-B563-3B95C8F7E89F}.Release|Any CPU.Build.0 = Release|Any CPU
		{EAE3A260-AAF8-4BB8-98F5-2C0137BA4835}.Debug|Any CPU.ActiveCfg = Debug|Any CPU
		{EAE3A260-AAF8-4BB8-98F5-2C0137BA4835}.Debug|Any CPU.Build.0 = Debug|Any CPU
		{EAE3A260-AAF8-4BB8-98F5-2C0137BA4835}.Release|Any CPU.ActiveCfg = Release|Any CPU
		{EAE3A260-AAF8-4BB8-98F5-2C0137BA4835}.Release|Any CPU.Build.0 = Release|Any CPU
		{259B8D11-54E5-45BB-9602-5591DBB972B9}.Debug|Any CPU.ActiveCfg = Debug|Any CPU
		{259B8D11-54E5-45BB-9602-5591DBB972B9}.Debug|Any CPU.Build.0 = Debug|Any CPU
		{259B8D11-54E5-45BB-9602-5591DBB972B9}.Release|Any CPU.ActiveCfg = Release|Any CPU
		{259B8D11-54E5-45BB-9602-5591DBB972B9}.Release|Any CPU.Build.0 = Release|Any CPU
	EndGlobalSection
	GlobalSection(SolutionProperties) = preSolution
		HideSolutionNode = FALSE
	EndGlobalSection
	GlobalSection(NestedProjects) = preSolution
		{2ACFAD69-F2AC-4AA5-92DD-EE82F291BD2A} = {E38A8F18-CD0D-428E-BEC6-5A831C7916FE}
		{4F697478-92A2-4F8F-8213-E904BE1417DA} = {66A60621-A720-470F-8306-08EF50DD2BE3}
		{110D818C-B344-4CE2-B8F0-76D4D4F20F60} = {66A60621-A720-470F-8306-08EF50DD2BE3}
		{FCDAD58B-9185-4033-B563-3B95C8F7E89F} = {66A60621-A720-470F-8306-08EF50DD2BE3}
		{969A8A68-DB9B-4DCF-8126-A6EC76312C16} = {3272ACA0-1D9A-4C91-8AAB-576D94D2489F}
		{D35F4073-78DC-4507-A12B-F41035270254} = {11905E3F-B9A9-4697-945E-53AC6EF8D648}
		{1747651B-1237-4E91-8C66-70586BAB7B79} = {11905E3F-B9A9-4697-945E-53AC6EF8D648}
		{EEF04D66-F003-4B3A-A6F7-38A53DA7BE65} = {11905E3F-B9A9-4697-945E-53AC6EF8D648}
		{988EEEF5-E4BC-4C10-BFD2-4D9DFB58D7B7} = {2E3397E0-9C49-4F3F-9B5B-DB1280593201}
		{EAE3A260-AAF8-4BB8-98F5-2C0137BA4835} = {2E3397E0-9C49-4F3F-9B5B-DB1280593201}
		{259B8D11-54E5-45BB-9602-5591DBB972B9} = {2E3397E0-9C49-4F3F-9B5B-DB1280593201}
		{F96DD747-9C4F-4B0E-8D88-D96E2FE126B9} = {36B3F4F7-D2D2-4E64-BD49-A649D3DCA1C8}
		{F7645978-BA00-4032-B855-B054B507EC98} = {A8AEF07E-DA6E-44BB-9A89-9792630F47E7}
	EndGlobalSection
EndGlobal
